
Microsoft Visual Studio Solution File, Format Version 12.00
# Visual Studio Version 17
VisualStudioVersion = 17.3.32825.248
MinimumVisualStudioVersion = 10.0.40219.1
Project("{9A19103F-16F7-4668-BE54-9A1E7A4F7556}") = "AnimalShelterMVC", "AnimalShelterMVC.csproj", "{DA6A8159-E258-4AF4-905D-18A87C9A11E5}"
	ProjectSection(ProjectDependencies) = postProject
		{A3626A53-EEE8-492B-A850-B065CDDC1D98} = {A3626A53-EEE8-492B-A850-B065CDDC1D98}
	EndProjectSection
EndProject
Project("{9A19103F-16F7-4668-BE54-9A1E7A4F7556}") = "Servises", "..\Servises1\Servises.csproj", "{CFCBDF9B-66A1-49DD-964D-04A8248A8B3B}"
EndProject
Project("{9A19103F-16F7-4668-BE54-9A1E7A4F7556}") = "Common", "..\Filters\Common.csproj", "{ACA8582F-685A-4C0B-8E46-EFDADDA888EC}"
EndProject
Project("{9A19103F-16F7-4668-BE54-9A1E7A4F7556}") = "Data", "..\Data\Data.csproj", "{97201A4E-8CDB-41BC-817D-043358A1081E}"
EndProject
Project("{9A19103F-16F7-4668-BE54-9A1E7A4F7556}") = "Models", "..\BaseClasses\Models.csproj", "{A3626A53-EEE8-492B-A850-B065CDDC1D98}"
EndProject
Project("{9A19103F-16F7-4668-BE54-9A1E7A4F7556}") = "Tests", "..\Tests\Tests.csproj", "{90EEE939-88A6-4AFB-A01C-C8CCCF475DDA}"
	ProjectSection(ProjectDependencies) = postProject
		{97201A4E-8CDB-41BC-817D-043358A1081E} = {97201A4E-8CDB-41BC-817D-043358A1081E}
		{A3626A53-EEE8-492B-A850-B065CDDC1D98} = {A3626A53-EEE8-492B-A850-B065CDDC1D98}
		{ACA8582F-685A-4C0B-8E46-EFDADDA888EC} = {ACA8582F-685A-4C0B-8E46-EFDADDA888EC}
		{CFCBDF9B-66A1-49DD-964D-04A8248A8B3B} = {CFCBDF9B-66A1-49DD-964D-04A8248A8B3B}
		{DA6A8159-E258-4AF4-905D-18A87C9A11E5} = {DA6A8159-E258-4AF4-905D-18A87C9A11E5}
	EndProjectSection
EndProject
Global
	GlobalSection(SolutionConfigurationPlatforms) = preSolution
		Debug|Any CPU = Debug|Any CPU
		Release|Any CPU = Release|Any CPU
	EndGlobalSection
	GlobalSection(ProjectConfigurationPlatforms) = postSolution
		{DA6A8159-E258-4AF4-905D-18A87C9A11E5}.Debug|Any CPU.ActiveCfg = Debug|Any CPU
		{DA6A8159-E258-4AF4-905D-18A87C9A11E5}.Debug|Any CPU.Build.0 = Debug|Any CPU
		{DA6A8159-E258-4AF4-905D-18A87C9A11E5}.Release|Any CPU.ActiveCfg = Release|Any CPU
		{DA6A8159-E258-4AF4-905D-18A87C9A11E5}.Release|Any CPU.Build.0 = Release|Any CPU
		{CFCBDF9B-66A1-49DD-964D-04A8248A8B3B}.Debug|Any CPU.ActiveCfg = Debug|Any CPU
		{CFCBDF9B-66A1-49DD-964D-04A8248A8B3B}.Debug|Any CPU.Build.0 = Debug|Any CPU
		{CFCBDF9B-66A1-49DD-964D-04A8248A8B3B}.Release|Any CPU.ActiveCfg = Release|Any CPU
		{CFCBDF9B-66A1-49DD-964D-04A8248A8B3B}.Release|Any CPU.Build.0 = Release|Any CPU
		{ACA8582F-685A-4C0B-8E46-EFDADDA888EC}.Debug|Any CPU.ActiveCfg = Debug|Any CPU
		{ACA8582F-685A-4C0B-8E46-EFDADDA888EC}.Debug|Any CPU.Build.0 = Debug|Any CPU
		{ACA8582F-685A-4C0B-8E46-EFDADDA888EC}.Release|Any CPU.ActiveCfg = Release|Any CPU
		{ACA8582F-685A-4C0B-8E46-EFDADDA888EC}.Release|Any CPU.Build.0 = Release|Any CPU
		{97201A4E-8CDB-41BC-817D-043358A1081E}.Debug|Any CPU.ActiveCfg = Debug|Any CPU
		{97201A4E-8CDB-41BC-817D-043358A1081E}.Debug|Any CPU.Build.0 = Debug|Any CPU
		{97201A4E-8CDB-41BC-817D-043358A1081E}.Release|Any CPU.ActiveCfg = Release|Any CPU
		{97201A4E-8CDB-41BC-817D-043358A1081E}.Release|Any CPU.Build.0 = Release|Any CPU
		{A3626A53-EEE8-492B-A850-B065CDDC1D98}.Debug|Any CPU.ActiveCfg = Debug|Any CPU
		{A3626A53-EEE8-492B-A850-B065CDDC1D98}.Debug|Any CPU.Build.0 = Debug|Any CPU
		{A3626A53-EEE8-492B-A850-B065CDDC1D98}.Release|Any CPU.ActiveCfg = Release|Any CPU
		{A3626A53-EEE8-492B-A850-B065CDDC1D98}.Release|Any CPU.Build.0 = Release|Any CPU
		{90EEE939-88A6-4AFB-A01C-C8CCCF475DDA}.Debug|Any CPU.ActiveCfg = Debug|Any CPU
		{90EEE939-88A6-4AFB-A01C-C8CCCF475DDA}.Debug|Any CPU.Build.0 = Debug|Any CPU
		{90EEE939-88A6-4AFB-A01C-C8CCCF475DDA}.Release|Any CPU.ActiveCfg = Release|Any CPU
		{90EEE939-88A6-4AFB-A01C-C8CCCF475DDA}.Release|Any CPU.Build.0 = Release|Any CPU
	EndGlobalSection
	GlobalSection(SolutionProperties) = preSolution
		HideSolutionNode = FALSE
	EndGlobalSection
	GlobalSection(ExtensibilityGlobals) = postSolution
		SolutionGuid = {5350F80E-8B92-4C68-87E6-319785980074}
	EndGlobalSection
EndGlobal
